
Microsoft Visual Studio Solution File, Format Version 11.00
# Visual Studio 2010
Project("{E24C65DC-7377-472B-9ABA-BC803B73C61A}") = "data", "..\", "{67662020-04D9-4951-A0DD-14413D341EBC}"
	ProjectSection(WebsiteProperties) = preProject
		TargetFrameworkMoniker = ".NETFramework,Version%3Dv4.0"
		Debug.AspNetCompiler.VirtualPath = "/data"
		Debug.AspNetCompiler.PhysicalPath = "C:\Users\Administrator\Desktop\data\"
		Debug.AspNetCompiler.TargetPath = "PrecompiledWeb\data\"
		Debug.AspNetCompiler.Updateable = "true"
		Debug.AspNetCompiler.ForceOverwrite = "true"
		Debug.AspNetCompiler.FixedNames = "false"
		Debug.AspNetCompiler.Debug = "True"
		Release.AspNetCompiler.VirtualPath = "/data"
		Release.AspNetCompiler.PhysicalPath = "C:\Users\Administrator\Desktop\data\"
		Release.AspNetCompiler.TargetPath = "PrecompiledWeb\data\"
		Release.AspNetCompiler.Updateable = "true"
		Release.AspNetCompiler.ForceOverwrite = "true"
		Release.AspNetCompiler.FixedNames = "false"
		Release.AspNetCompiler.Debug = "False"
		VWDPort = "2374"
	EndProjectSection
EndProject
Global
	GlobalSection(SolutionConfigurationPlatforms) = preSolution
		Debug|Any CPU = Debug|Any CPU
	EndGlobalSection
	GlobalSection(ProjectConfigurationPlatforms) = postSolution
		{67662020-04D9-4951-A0DD-14413D341EBC}.Debug|Any CPU.ActiveCfg = Debug|Any CPU
		{67662020-04D9-4951-A0DD-14413D341EBC}.Debug|Any CPU.Build.0 = Debug|Any CPU
	EndGlobalSection
	GlobalSection(SolutionProperties) = preSolution
		HideSolutionNode = FALSE
	EndGlobalSection
EndGlobal
